
Microsoft Visual Studio Solution File, Format Version 12.00
# Visual Studio Version 17
VisualStudioVersion = 17.8.34322.80
MinimumVisualStudioVersion = 10.0.40219.1
Project("{9A19103F-16F7-4668-BE54-9A1E7A4F7556}") = "WpfCommon", "WpfCommon\WpfCommon.csproj", "{11EB4875-C135-4C38-8408-1DA53B6778F5}"
EndProject
Project("{9A19103F-16F7-4668-BE54-9A1E7A4F7556}") = "RevisionViewer", "RevisionViewer\RevisionViewer.csproj", "{5899E728-DA8C-49DB-B194-67357B6B9ADC}"
EndProject
Project("{9A19103F-16F7-4668-BE54-9A1E7A4F7556}") = "UnitTests", "UnitTests\UnitTests.csproj", "{0D723A03-5F06-4BFC-9B0A-DFD4E8F05495}"
EndProject
Project("{9A19103F-16F7-4668-BE54-9A1E7A4F7556}") = "EntryPoint_Showcase", "EntryPoint_Showcase\EntryPoint_Showcase.csproj", "{0E89E403-9DA6-4C9A-977A-9086AD0B8BC7}"
EndProject
Project("{9A19103F-16F7-4668-BE54-9A1E7A4F7556}") = "ContractChecker", "ContractChecker\ContractChecker.csproj", "{240BA6CA-EC4A-4102-89A1-0BEDA01B8122}"
EndProject
Global
	GlobalSection(SolutionConfigurationPlatforms) = preSolution
		Debug|Any CPU = Debug|Any CPU
		Release|Any CPU = Release|Any CPU
	EndGlobalSection
	GlobalSection(ProjectConfigurationPlatforms) = postSolution
		{11EB4875-C135-4C38-8408-1DA53B6778F5}.Debug|Any CPU.ActiveCfg = Debug|Any CPU
		{11EB4875-C135-4C38-8408-1DA53B6778F5}.Debug|Any CPU.Build.0 = Debug|Any CPU
		{11EB4875-C135-4C38-8408-1DA53B6778F5}.Release|Any CPU.ActiveCfg = Release|Any CPU
		{11EB4875-C135-4C38-8408-1DA53B6778F5}.Release|Any CPU.Build.0 = Release|Any CPU
		{5899E728-DA8C-49DB-B194-67357B6B9ADC}.Debug|Any CPU.ActiveCfg = Debug|Any CPU
		{5899E728-DA8C-49DB-B194-67357B6B9ADC}.Debug|Any CPU.Build.0 = Debug|Any CPU
		{5899E728-DA8C-49DB-B194-67357B6B9ADC}.Release|Any CPU.ActiveCfg = Release|Any CPU
		{5899E728-DA8C-49DB-B194-67357B6B9ADC}.Release|Any CPU.Build.0 = Release|Any CPU
		{0D723A03-5F06-4BFC-9B0A-DFD4E8F05495}.Debug|Any CPU.ActiveCfg = Debug|Any CPU
		{0D723A03-5F06-4BFC-9B0A-DFD4E8F05495}.Debug|Any CPU.Build.0 = Debug|Any CPU
		{0D723A03-5F06-4BFC-9B0A-DFD4E8F05495}.Release|Any CPU.ActiveCfg = Release|Any CPU
		{0D723A03-5F06-4BFC-9B0A-DFD4E8F05495}.Release|Any CPU.Build.0 = Release|Any CPU
		{0E89E403-9DA6-4C9A-977A-9086AD0B8BC7}.Debug|Any CPU.ActiveCfg = Debug|Any CPU
		{0E89E403-9DA6-4C9A-977A-9086AD0B8BC7}.Debug|Any CPU.Build.0 = Debug|Any CPU
		{0E89E403-9DA6-4C9A-977A-9086AD0B8BC7}.Release|Any CPU.ActiveCfg = Release|Any CPU
		{0E89E403-9DA6-4C9A-977A-9086AD0B8BC7}.Release|Any CPU.Build.0 = Release|Any CPU
		{240BA6CA-EC4A-4102-89A1-0BEDA01B8122}.Debug|Any CPU.ActiveCfg = Debug|Any CPU
		{240BA6CA-EC4A-4102-89A1-0BEDA01B8122}.Debug|Any CPU.Build.0 = Debug|Any CPU
		{240BA6CA-EC4A-4102-89A1-0BEDA01B8122}.Release|Any CPU.ActiveCfg = Release|Any CPU
		{240BA6CA-EC4A-4102-89A1-0BEDA01B8122}.Release|Any CPU.Build.0 = Release|Any CPU
	EndGlobalSection
	GlobalSection(SolutionProperties) = preSolution
		HideSolutionNode = FALSE
	EndGlobalSection
	GlobalSection(ExtensibilityGlobals) = postSolution
		SolutionGuid = {78FD5535-AAD0-41AA-90C7-87B1EF297E12}
	EndGlobalSection
EndGlobal
