
Microsoft Visual Studio Solution File, Format Version 12.00
# Visual Studio Version 17
VisualStudioVersion = 17.8.34322.80
MinimumVisualStudioVersion = 10.0.40219.1
Project("{FAE04EC0-301F-11D3-BF4B-00C04F79EFBC}") = "YetAnoGitExt", "YetAnoGitExt\YetAnoGitExt.csproj", "{19E15244-B85D-4285-AB08-EB28FF8C0B75}"
EndProject
Project("{FAE04EC0-301F-11D3-BF4B-00C04F79EFBC}") = "YetAnoGitExt.Core", "YetAnoGitExt.Core\YetAnoGitExt.Core.csproj", "{626C1DA7-CE81-4873-AEC7-B64D1BC024A0}"
EndProject
Global
	GlobalSection(SolutionConfigurationPlatforms) = preSolution
		Debug|Any CPU = Debug|Any CPU
		Release|Any CPU = Release|Any CPU
	EndGlobalSection
	GlobalSection(ProjectConfigurationPlatforms) = postSolution
		{19E15244-B85D-4285-AB08-EB28FF8C0B75}.Debug|Any CPU.ActiveCfg = Debug|Any CPU
		{19E15244-B85D-4285-AB08-EB28FF8C0B75}.Debug|Any CPU.Build.0 = Debug|Any CPU
		{19E15244-B85D-4285-AB08-EB28FF8C0B75}.Release|Any CPU.ActiveCfg = Release|Any CPU
		{19E15244-B85D-4285-AB08-EB28FF8C0B75}.Release|Any CPU.Build.0 = Release|Any CPU
		{626C1DA7-CE81-4873-AEC7-B64D1BC024A0}.Debug|Any CPU.ActiveCfg = Debug|Any CPU
		{626C1DA7-CE81-4873-AEC7-B64D1BC024A0}.Debug|Any CPU.Build.0 = Debug|Any CPU
		{626C1DA7-CE81-4873-AEC7-B64D1BC024A0}.Release|Any CPU.ActiveCfg = Release|Any CPU
		{626C1DA7-CE81-4873-AEC7-B64D1BC024A0}.Release|Any CPU.Build.0 = Release|Any CPU
	EndGlobalSection
	GlobalSection(SolutionProperties) = preSolution
		HideSolutionNode = FALSE
	EndGlobalSection
	GlobalSection(ExtensibilityGlobals) = postSolution
		SolutionGuid = {78FD5535-AAD0-41AA-90C7-87B1EF297E12}
	EndGlobalSection
EndGlobal
